
Microsoft Visual Studio Solution File, Format Version 12.00
Project("{FAE04EC0-301F-11D3-BF4B-00C04F79EFBC}") = "TruckManagement", "TruckManagement\TruckManagement.csproj", "{AE567F55-8ED8-4483-A027-B497AC269647}"
EndProject
Project("{FAE04EC0-301F-11D3-BF4B-00C04F79EFBC}") = "BackEnd", "BackEnd\BackEnd.csproj", "{A34667FA-AD62-4DF6-837C-AC99D8FCF745}"
EndProject
Project("{FAE04EC0-301F-11D3-BF4B-00C04F79EFBC}") = "Domain", "Domain\Domain.csproj", "{8F767282-E462-426C-A939-26E98AA581B4}"
EndProject
Project("{FAE04EC0-301F-11D3-BF4B-00C04F79EFBC}") = "AdminFrontEnd", "AdminFrontEnd\AdminFrontEnd.csproj", "{062DC051-74ED-4D23-9671-6869A8A5C6E9}"
EndProject
Project("{FAE04EC0-301F-11D3-BF4B-00C04F79EFBC}") = "EfcDataAccess", "EfcDataAccess\EfcDataAccess.csproj", "{7554681C-2F58-46FF-ABD1-1FC2E73F1E5B}"
EndProject
Project("{FAE04EC0-301F-11D3-BF4B-00C04F79EFBC}") = "HttpClients", "HttpClients\HttpClients.csproj", "{4373581E-1577-4FA1-A58C-673ECB5B0415}"
EndProject
Project("{FAE04EC0-301F-11D3-BF4B-00C04F79EFBC}") = "Tests", "Tests\Tests.csproj", "{A5F60C9D-8BF4-43BE-8F9A-6FA75023B153}"
EndProject
Global
	GlobalSection(SolutionConfigurationPlatforms) = preSolution
		Debug|Any CPU = Debug|Any CPU
		Release|Any CPU = Release|Any CPU
	EndGlobalSection
	GlobalSection(ProjectConfigurationPlatforms) = postSolution
		{AE567F55-8ED8-4483-A027-B497AC269647}.Debug|Any CPU.ActiveCfg = Debug|Any CPU
		{AE567F55-8ED8-4483-A027-B497AC269647}.Debug|Any CPU.Build.0 = Debug|Any CPU
		{AE567F55-8ED8-4483-A027-B497AC269647}.Release|Any CPU.ActiveCfg = Release|Any CPU
		{AE567F55-8ED8-4483-A027-B497AC269647}.Release|Any CPU.Build.0 = Release|Any CPU
		{A34667FA-AD62-4DF6-837C-AC99D8FCF745}.Debug|Any CPU.ActiveCfg = Debug|Any CPU
		{A34667FA-AD62-4DF6-837C-AC99D8FCF745}.Debug|Any CPU.Build.0 = Debug|Any CPU
		{A34667FA-AD62-4DF6-837C-AC99D8FCF745}.Release|Any CPU.ActiveCfg = Release|Any CPU
		{A34667FA-AD62-4DF6-837C-AC99D8FCF745}.Release|Any CPU.Build.0 = Release|Any CPU
		{8F767282-E462-426C-A939-26E98AA581B4}.Debug|Any CPU.ActiveCfg = Debug|Any CPU
		{8F767282-E462-426C-A939-26E98AA581B4}.Debug|Any CPU.Build.0 = Debug|Any CPU
		{8F767282-E462-426C-A939-26E98AA581B4}.Release|Any CPU.ActiveCfg = Release|Any CPU
		{8F767282-E462-426C-A939-26E98AA581B4}.Release|Any CPU.Build.0 = Release|Any CPU
		{062DC051-74ED-4D23-9671-6869A8A5C6E9}.Debug|Any CPU.ActiveCfg = Debug|Any CPU
		{062DC051-74ED-4D23-9671-6869A8A5C6E9}.Debug|Any CPU.Build.0 = Debug|Any CPU
		{062DC051-74ED-4D23-9671-6869A8A5C6E9}.Release|Any CPU.ActiveCfg = Release|Any CPU
		{062DC051-74ED-4D23-9671-6869A8A5C6E9}.Release|Any CPU.Build.0 = Release|Any CPU
		{7554681C-2F58-46FF-ABD1-1FC2E73F1E5B}.Debug|Any CPU.ActiveCfg = Debug|Any CPU
		{7554681C-2F58-46FF-ABD1-1FC2E73F1E5B}.Debug|Any CPU.Build.0 = Debug|Any CPU
		{7554681C-2F58-46FF-ABD1-1FC2E73F1E5B}.Release|Any CPU.ActiveCfg = Release|Any CPU
		{7554681C-2F58-46FF-ABD1-1FC2E73F1E5B}.Release|Any CPU.Build.0 = Release|Any CPU
		{4373581E-1577-4FA1-A58C-673ECB5B0415}.Debug|Any CPU.ActiveCfg = Debug|Any CPU
		{4373581E-1577-4FA1-A58C-673ECB5B0415}.Debug|Any CPU.Build.0 = Debug|Any CPU
		{4373581E-1577-4FA1-A58C-673ECB5B0415}.Release|Any CPU.ActiveCfg = Release|Any CPU
		{4373581E-1577-4FA1-A58C-673ECB5B0415}.Release|Any CPU.Build.0 = Release|Any CPU
		{A5F60C9D-8BF4-43BE-8F9A-6FA75023B153}.Debug|Any CPU.ActiveCfg = Debug|Any CPU
		{A5F60C9D-8BF4-43BE-8F9A-6FA75023B153}.Debug|Any CPU.Build.0 = Debug|Any CPU
		{A5F60C9D-8BF4-43BE-8F9A-6FA75023B153}.Release|Any CPU.ActiveCfg = Release|Any CPU
		{A5F60C9D-8BF4-43BE-8F9A-6FA75023B153}.Release|Any CPU.Build.0 = Release|Any CPU
	EndGlobalSection
EndGlobal
